PODS:
  - Alamofire (4.7.3)
  - Appz (3.2.0)
  - Charts (3.2.1):
    - Charts/Core (= 3.2.1)
  - Charts/Core (3.2.1)
  - Instructions (1.0.0)
  - Kingfisher (4.10.1)
  - MBProgressHUD (1.0.0)
  - NVActivityIndicatorView (4.4.0):
    - NVActivityIndicatorView/Presenter (= 4.4.0)
  - NVActivityIndicatorView/Presenter (4.4.0)
  - ObjcExceptionBridging (1.0.1):
    - ObjcExceptionBridging/ObjcExceptionBridging (= 1.0.1)
  - ObjcExceptionBridging/ObjcExceptionBridging (1.0.1)
  - ReachabilitySwift (4.3.0)
  - SDCycleScrollView (1.75):
    - SDWebImage (>= 4.0.0)
  - SDWebImage (4.4.2):
    - SDWebImage/Core (= 4.4.2)
  - SDWebImage/Core (4.4.2)
  - SnapKit (4.0.1)
  - SQLite.swift (0.11.5):
    - SQLite.swift/standard (= 0.11.5)
  - SQLite.swift/standard (0.11.5)
  - SwiftyJSON (4.2.0)
  - SwiftyStoreKit (0.13.3)
  - XCGLogger (6.0.4):
    - XCGLogger/Core (= 6.0.4)
  - XCGLogger/Core (6.0.4):
    - ObjcExceptionBridging

DEPENDENCIES:
  - Alamofire (~> 4.5)
  - Appz
  - Charts
  - Instructions (~> 1.0.0)
  - Kingfisher (~> 4.0)
  - MBProgressHUD (~> 1.0.0)
  - NVActivityIndicatorView
  - ReachabilitySwift (from `https://github.com/ashleymills/Reachability.swift`)
  - SDCycleScrollView (~> 1.73)
  - SnapKit (~> 4.0.0)
  - SQLite.swift (~> 0.11)
  - SwiftyJSON
  - SwiftyStoreKit
  - XCGLogger (~> 6.0.1)

SPEC REPOS:
  https://github.com/cocoapods/specs.git:
    - Alamofire
    - Appz
    - Charts
    - Instructions
    - Kingfisher
    - MBProgressHUD
    - NVActivityIndicatorView
    - ObjcExceptionBridging
    - SDCycleScrollView
    - SDWebImage
    - SnapKit
    - SQLite.swift
    - SwiftyJSON
    - SwiftyStoreKit
    - XCGLogger

EXTERNAL SOURCES:
  ReachabilitySwift:
    :git: https://github.com/ashleymills/Reachability.swift

CHECKOUT OPTIONS:
  ReachabilitySwift:
    :commit: b9b300d0f5166525b0f368c75a0f35b65d828f3a
    :git: https://github.com/ashleymills/Reachability.swift

SPEC CHECKSUMS:
  Alamofire: c7287b6e5d7da964a70935e5db17046b7fde6568
  Appz: 9afca8060886b75002092f4b5b5c238a0ab19bf0
  Charts: f122fb70b19847fa5817d018b77d6c5a2296ab25
  Instructions: 11b6744e572b8cab6f61e9445403cb95fcde68f1
  Kingfisher: c148cd7b47ebde9989f6bc7c27dcaa79d81279a0
  MBProgressHUD: 4890f671c94e8a0f3cf959aa731e9de2f036d71a
  NVActivityIndicatorView: ec7440a57af2450319d3a4181cca7da6fc127064
  ObjcExceptionBridging: c30e00eb3700467e695faeea30e26e18bd445001
  ReachabilitySwift: 408477d1b6ed9779dba301953171e017c31241f3
  SDCycleScrollView: 884b88f0266dd4708a0e1934975c69cb971707b1
  SDWebImage: 624d6e296c69b244bcede364c72ae0430ac14681
  SnapKit: 0de968a9fec17499afa29683b05d0c775b6d1c29
  SQLite.swift: 6e5356850bb1791459f8c16d6ee9195b28714a2e
  SwiftyJSON: c4bcba26dd9ec7a027fc8eade48e2c911f229e96
  SwiftyStoreKit: 9ebd15971e28aa2989825fe8bc092eb5f75dd0b2
  XCGLogger: 4fc1bc0bdd5828cb8dc8da7a843536cda1bea8f3

PODFILE CHECKSUM: 9ceef15b6e7bfff2dd90934c0470cdacccb161fa

COCOAPODS: 1.5.3
