PODS:
  - Alamofire (4.8.2)
  - Appz (3.2.0)
  - Charts (3.3.0):
    - Charts/Core (= 3.3.0)
  - Charts/Core (3.3.0)
  - CocoaLumberjack/Core (3.5.3)
  - CocoaLumberjack/Swift (3.5.3):
    - CocoaLumberjack/Core
  - Frameworks_Swift (0.0.1):
    - Alamofire
    - Kingfisher
    - matrix-wechat
    - RxCocoa (~> 5)
    - RxSwift (~> 5)
    - SnapKit
    - SwiftLint
  - Instructions (1.0.0)
  - Kingfisher (5.7.0)
  - lottie-ios (3.1.1)
  - matrix-wechat (0.5.1):
    - matrix-wechat/matrixARC (= 0.5.1)
    - matrix-wechat/matrixNonARC1 (= 0.5.1)
    - matrix-wechat/matrixNonARC2 (= 0.5.1)
  - matrix-wechat/matrixARC (0.5.1):
    - matrix-wechat/matrixNonARC1
  - matrix-wechat/matrixNonARC1 (0.5.1)
  - matrix-wechat/matrixNonARC2 (0.5.1):
    - matrix-wechat/matrixARC
  - MBProgressHUD (1.0.0)
  - NVActivityIndicatorView (4.7.0):
    - NVActivityIndicatorView/Presenter (= 4.7.0)
  - NVActivityIndicatorView/Presenter (4.7.0)
  - PINCache (3.0.1-beta.6):
    - PINCache/Arc-exception-safe (= 3.0.1-beta.6)
    - PINCache/Core (= 3.0.1-beta.6)
  - PINCache/Arc-exception-safe (3.0.1-beta.6):
    - PINCache/Core
  - PINCache/Core (3.0.1-beta.6):
    - PINOperation (~> 1.1.0)
  - PINOperation (1.1.2)
  - PINRemoteImage/Core (3.0.0-beta.13):
    - PINOperation
  - PINRemoteImage/iOS (3.0.0-beta.13):
    - PINRemoteImage/Core
  - PINRemoteImage/PINCache (3.0.0-beta.13):
    - PINCache (= 3.0.1-beta.6)
    - PINRemoteImage/Core
  - PromiseKit (6.10.0):
    - PromiseKit/CorePromise (= 6.10.0)
    - PromiseKit/Foundation (= 6.10.0)
    - PromiseKit/UIKit (= 6.10.0)
  - PromiseKit/CorePromise (6.10.0)
  - PromiseKit/Foundation (6.10.0):
    - PromiseKit/CorePromise
  - PromiseKit/UIKit (6.10.0):
    - PromiseKit/CorePromise
  - RAMAnimatedTabBarController (5.0.1)
  - ReachabilitySwift (5.0.0-beta1)
  - Realm (3.17.0):
    - Realm/Headers (= 3.17.0)
  - Realm/Headers (3.17.0)
  - RealmSwift (3.17.0):
    - Realm (= 3.17.0)
  - RxCocoa (5.0.0):
    - RxRelay (~> 5)
    - RxSwift (~> 5)
  - RxRelay (5.0.0):
    - RxSwift (~> 5)
  - RxSwift (5.0.0)
  - SDCycleScrollView (1.80):
    - SDWebImage (>= 5.0.0)
  - SDWebImage (5.0.6):
    - SDWebImage/Core (= 5.0.6)
  - SDWebImage/Core (5.0.6)
  - SnapKit (5.0.0)
  - SwifterSwift (5.0.0):
    - SwifterSwift/AppKit (= 5.0.0)
    - SwifterSwift/CoreGraphics (= 5.0.0)
    - SwifterSwift/CoreLocation (= 5.0.0)
    - SwifterSwift/Dispatch (= 5.0.0)
    - SwifterSwift/Foundation (= 5.0.0)
    - SwifterSwift/MapKit (= 5.0.0)
    - SwifterSwift/SpriteKit (= 5.0.0)
    - SwifterSwift/SwiftStdlib (= 5.0.0)
    - SwifterSwift/UIKit (= 5.0.0)
  - SwifterSwift/AppKit (5.0.0)
  - SwifterSwift/CoreGraphics (5.0.0)
  - SwifterSwift/CoreLocation (5.0.0)
  - SwifterSwift/Dispatch (5.0.0)
  - SwifterSwift/Foundation (5.0.0)
  - SwifterSwift/MapKit (5.0.0)
  - SwifterSwift/SpriteKit (5.0.0)
  - SwifterSwift/SwiftStdlib (5.0.0)
  - SwifterSwift/UIKit (5.0.0)
  - SwiftLint (0.33.0)
  - SwiftyJSON (5.0.0)
  - SwiftyStoreKit (0.15.0)
  - Texture (2.8.1):
    - Texture/AssetsLibrary (= 2.8.1)
    - Texture/Core (= 2.8.1)
    - Texture/MapKit (= 2.8.1)
    - Texture/Photos (= 2.8.1)
    - Texture/PINRemoteImage (= 2.8.1)
    - Texture/Video (= 2.8.1)
  - Texture/AssetsLibrary (2.8.1):
    - Texture/Core
  - Texture/Core (2.8.1)
  - Texture/MapKit (2.8.1):
    - Texture/Core
  - Texture/Photos (2.8.1):
    - Texture/Core
  - Texture/PINRemoteImage (2.8.1):
    - PINRemoteImage/iOS (= 3.0.0-beta.13)
    - PINRemoteImage/PINCache
    - Texture/Core
  - Texture/Video (2.8.1):
    - Texture/Core

DEPENDENCIES:
  - Appz
  - Charts
  - CocoaLumberjack/Swift
  - Frameworks_Swift
  - Instructions (~> 1.0.0)
  - lottie-ios
  - matrix-wechat
  - MBProgressHUD (~> 1.0.0)
  - NVActivityIndicatorView
  - PromiseKit (~> 6.8)
  - RAMAnimatedTabBarController (~> 5.0.0)
  - ReachabilitySwift (from `https://github.com/ashleymills/Reachability.swift`)
  - RealmSwift
  - SDCycleScrollView (~> 1.80)
  - SwifterSwift (~> 5.0.0)
  - SwiftyJSON
  - SwiftyStoreKit
  - Texture

SPEC REPOS:
  https://github.com/cocoapods/specs.git:
    - Alamofire
    - Appz
    - Charts
    - CocoaLumberjack
    - Frameworks_Swift
    - Instructions
    - Kingfisher
    - lottie-ios
    - matrix-wechat
    - MBProgressHUD
    - NVActivityIndicatorView
    - PINCache
    - PINOperation
    - PINRemoteImage
    - PromiseKit
    - RAMAnimatedTabBarController
    - Realm
    - RealmSwift
    - RxCocoa
    - RxRelay
    - RxSwift
    - SDCycleScrollView
    - SDWebImage
    - SnapKit
    - SwifterSwift
    - SwiftLint
    - SwiftyJSON
    - SwiftyStoreKit
    - Texture

EXTERNAL SOURCES:
  ReachabilitySwift:
    :git: https://github.com/ashleymills/Reachability.swift

CHECKOUT OPTIONS:
  ReachabilitySwift:
    :commit: 92c47e653f38c258affb1055615a2298cbf7152f
    :git: https://github.com/ashleymills/Reachability.swift

SPEC CHECKSUMS:
  Alamofire: ae5c501addb7afdbb13687d7f2f722c78734c2d3
  Appz: 9afca8060886b75002092f4b5b5c238a0ab19bf0
  Charts: e0dd4cd8f257bccf98407b58183ddca8e8d5b578
  CocoaLumberjack: 2f44e60eb91c176d471fdba43b9e3eae6a721947
  Frameworks_Swift: f0abb620afe26a76e292438340ede676a9e3b31a
  Instructions: 11b6744e572b8cab6f61e9445403cb95fcde68f1
  Kingfisher: c7d211b54f1f30d8060aadab177d52b4349c825b
  lottie-ios: 43a472d22b2dd2bed292cc4010c0b4d2e66d3ba8
  matrix-wechat: 87e227259bb07bd56b76c0f7f1081bf9593b1eec
  MBProgressHUD: 4890f671c94e8a0f3cf959aa731e9de2f036d71a
  NVActivityIndicatorView: b19ddab2576f805cbe0fb2306cba3476e09a1dea
  PINCache: d195fdba255283f7e9900a55e3cced377f431f9b
  PINOperation: 24b774353ca248fcf87d67b2d61eef42087c125a
  PINRemoteImage: d6d51c5d2adda55f1ce30c96e850b6c4ebd2856a
  PromiseKit: 1fdaeb6c0a94a5114fcb814ff3d772b86886ad4e
  RAMAnimatedTabBarController: ec36fba2fa4679fd36db55098e3477fe9bd79f52
  ReachabilitySwift: 93a5956ef3f076d7e24bc65bfb1c5042e69b7276
  Realm: b30db41ff34fc858ffc25ba8d44a82c164e7ccd0
  RealmSwift: fe733e459d60dc7b6971d4cbee2eb4854097d12c
  RxCocoa: fcf32050ac00d801f34a7f71d5e8e7f23026dcd8
  RxRelay: 4f7409406a51a55cd88483f21ed898c234d60f18
  RxSwift: 8b0671caa829a763bbce7271095859121cbd895f
  SDCycleScrollView: b3c9a5ed840c771c4938978174c7c9d9feefeb96
  SDWebImage: 920f1a2ff1ca8296ad34f6e0510a1ef1d70ac965
  SnapKit: fd22d10eb9aff484d79a8724eab922c1ddf89bcf
  SwifterSwift: 96f90594b370802f01647c2b1229c74a84ffafee
  SwiftLint: fed9c66336e41fc74dc48a73678380718f0c8b0e
  SwiftyJSON: 36413e04c44ee145039d332b4f4e2d3e8d6c4db7
  SwiftyStoreKit: 033d06b6f87955405d3f844a18a7687c2438592a
  Texture: 8ecf6984065a1e54f06bf97b349ecca28582acd7

PODFILE CHECKSUM: 3537dcb52fa97bb260df5ef19437c3aee5b7d720

COCOAPODS: 1.7.3
